
Microsoft Visual Studio Solution File, Format Version 12.00
# Visual Studio Version 16
VisualStudioVersion = 16.0.29728.190
MinimumVisualStudioVersion = 10.0.40219.1
Project("{FAE04EC0-301F-11D3-BF4B-00C04F79EFBC}") = "Memberships", "Memberships\Memberships.csproj", "{4778B7FF-46AF-4FE2-A6C8-48C84139EA4C}"
EndProject
Global
	GlobalSection(SolutionConfigurationPlatforms) = preSolution
		Debug|Any CPU = Debug|Any CPU
		Release|Any CPU = Release|Any CPU
	EndGlobalSection
	GlobalSection(ProjectConfigurationPlatforms) = postSolution
		{4778B7FF-46AF-4FE2-A6C8-48C84139EA4C}.Debug|Any CPU.ActiveCfg = Debug|Any CPU
		{4778B7FF-46AF-4FE2-A6C8-48C84139EA4C}.Debug|Any CPU.Build.0 = Debug|Any CPU
		{4778B7FF-46AF-4FE2-A6C8-48C84139EA4C}.Release|Any CPU.ActiveCfg = Release|Any CPU
		{4778B7FF-46AF-4FE2-A6C8-48C84139EA4C}.Release|Any CPU.Build.0 = Release|Any CPU
	EndGlobalSection
	GlobalSection(SolutionProperties) = preSolution
		HideSolutionNode = FALSE
	EndGlobalSection
	GlobalSection(ExtensibilityGlobals) = postSolution
		SolutionGuid = {3153998B-AE87-4AEC-B35B-39237DA50FD7}
	EndGlobalSection
EndGlobal
